{
  "name": "peer-agent-external-host-example",
  "lockfileVersion": 3,
  "requires": true,
  "packages": {
    "": {
      "name": "peer-agent-external-host-example",
      "dependencies": {
        "@peer-agent/protocol": "file:../../packages/protocol",
        "@peer-agent/runtime-core": "file:../../packages/runtime-core",
        "@peer-agent/runtime-sdk": "file:../../packages/runtime-sdk"
      },
      "engines": {
        "node": ">=20"
      }
    },
    "../../packages/protocol": {
      "name": "@peer-agent/protocol",
      "version": "0.0.1-beta.41",
      "license": "MIT",
      "devDependencies": {
        "typescript": "^5.9.3"
      },
      "engines": {
        "node": ">=20"
      }
    },
    "../../packages/runtime-core": {
      "name": "@peer-agent/runtime-core",
      "version": "0.0.1-beta.41",
      "license": "MIT",
      "devDependencies": {
        "typescript": "^5.9.3"
      },
      "engines": {
        "node": ">=20"
      }
    },
    "../../packages/runtime-sdk": {
      "name": "@peer-agent/runtime-sdk",
      "version": "0.0.1-beta.41",
      "license": "MIT",
      "dependencies": {
        "@peer-agent/protocol": "workspace:^",
        "@peer-agent/runtime-core": "workspace:^"
      },
      "devDependencies": {
        "typescript": "^5.9.3"
      },
      "engines": {
        "node": ">=20"
      }
    },
    "node_modules/@peer-agent/protocol": {
      "resolved": "../../packages/protocol",
      "link": true
    },
    "node_modules/@peer-agent/runtime-core": {
      "resolved": "../../packages/runtime-core",
      "link": true
    },
    "node_modules/@peer-agent/runtime-sdk": {
      "resolved": "../../packages/runtime-sdk",
      "link": true
    }
  }
}
